
Microsoft Visual Studio Solution File, Format Version 12.00
# Visual Studio 15
VisualStudioVersion = 15.0.28307.329
MinimumVisualStudioVersion = 10.0.40219.1
Project("{FAE04EC0-301F-11D3-BF4B-00C04F79EFBC}") = "Client", "Client\Client.csproj", "{72F7563E-3CA5-4F96-9FEC-6F3CE05E4606}"
EndProject
Global
	GlobalSection(SolutionConfigurationPlatforms) = preSolution
		Debug|Any CPU = Debug|Any CPU
		Release|Any CPU = Release|Any CPU
	EndGlobalSection
	GlobalSection(ProjectConfigurationPlatforms) = postSolution
		{72F7563E-3CA5-4F96-9FEC-6F3CE05E4606}.Debug|Any CPU.ActiveCfg = Debug|Any CPU
		{72F7563E-3CA5-4F96-9FEC-6F3CE05E4606}.Debug|Any CPU.Build.0 = Debug|Any CPU
		{72F7563E-3CA5-4F96-9FEC-6F3CE05E4606}.Release|Any CPU.ActiveCfg = Release|Any CPU
		{72F7563E-3CA5-4F96-9FEC-6F3CE05E4606}.Release|Any CPU.Build.0 = Release|Any CPU
	EndGlobalSection
	GlobalSection(SolutionProperties) = preSolution
		HideSolutionNode = FALSE
	EndGlobalSection
	GlobalSection(ExtensibilityGlobals) = postSolution
		SolutionGuid = {7F3CF655-259C-4A72-B71B-FC4D2D246A1B}
	EndGlobalSection
EndGlobal
